
Microsoft Visual Studio Solution File, Format Version 12.00
# Visual Studio Version 16
VisualStudioVersion = 25.0.1703.6
MinimumVisualStudioVersion = 10.0.40219.1
Project("{FAE04EC0-301F-11D3-BF4B-00C04F79EFBC}") = "RSSCargo.PL", "RSSCargo.PL\RSSCargo.PL.csproj", "{23B4F1A2-D7BC-4166-9E3F-00D0732A6A6B}"
EndProject
Project("{FAE04EC0-301F-11D3-BF4B-00C04F79EFBC}") = "RSSCargo.DAL", "RSSCargo.DAL\RSSCargo.DAL.csproj", "{82ED3F9F-8027-4195-A56B-B34DB451801B}"
EndProject
Project("{FAE04EC0-301F-11D3-BF4B-00C04F79EFBC}") = "RSSCargo.BLL", "RSSCargo.BLL\RSSCargo.BLL.csproj", "{C831D873-2822-4A2C-A166-881D8B1962F7}"
EndProject
Project("{FAE04EC0-301F-11D3-BF4B-00C04F79EFBC}") = "RSSCargo.Tests", "RSSCargo.Tests\RSSCargo.Tests.csproj", "{98387E60-FD72-4081-B738-B2D0ED6C0B82}"
EndProject
Global
	GlobalSection(SolutionConfigurationPlatforms) = preSolution
		Debug|Any CPU = Debug|Any CPU
		Release|Any CPU = Release|Any CPU
	EndGlobalSection
	GlobalSection(ProjectConfigurationPlatforms) = postSolution
		{23B4F1A2-D7BC-4166-9E3F-00D0732A6A6B}.Debug|Any CPU.ActiveCfg = Debug|Any CPU
		{23B4F1A2-D7BC-4166-9E3F-00D0732A6A6B}.Debug|Any CPU.Build.0 = Debug|Any CPU
		{23B4F1A2-D7BC-4166-9E3F-00D0732A6A6B}.Release|Any CPU.ActiveCfg = Release|Any CPU
		{23B4F1A2-D7BC-4166-9E3F-00D0732A6A6B}.Release|Any CPU.Build.0 = Release|Any CPU
		{82ED3F9F-8027-4195-A56B-B34DB451801B}.Debug|Any CPU.ActiveCfg = Debug|Any CPU
		{82ED3F9F-8027-4195-A56B-B34DB451801B}.Debug|Any CPU.Build.0 = Debug|Any CPU
		{82ED3F9F-8027-4195-A56B-B34DB451801B}.Release|Any CPU.ActiveCfg = Release|Any CPU
		{82ED3F9F-8027-4195-A56B-B34DB451801B}.Release|Any CPU.Build.0 = Release|Any CPU
		{C831D873-2822-4A2C-A166-881D8B1962F7}.Debug|Any CPU.ActiveCfg = Debug|Any CPU
		{C831D873-2822-4A2C-A166-881D8B1962F7}.Debug|Any CPU.Build.0 = Debug|Any CPU
		{C831D873-2822-4A2C-A166-881D8B1962F7}.Release|Any CPU.ActiveCfg = Release|Any CPU
		{C831D873-2822-4A2C-A166-881D8B1962F7}.Release|Any CPU.Build.0 = Release|Any CPU
		{98387E60-FD72-4081-B738-B2D0ED6C0B82}.Debug|Any CPU.ActiveCfg = Debug|Any CPU
		{98387E60-FD72-4081-B738-B2D0ED6C0B82}.Debug|Any CPU.Build.0 = Debug|Any CPU
		{98387E60-FD72-4081-B738-B2D0ED6C0B82}.Release|Any CPU.ActiveCfg = Release|Any CPU
		{98387E60-FD72-4081-B738-B2D0ED6C0B82}.Release|Any CPU.Build.0 = Release|Any CPU
	EndGlobalSection
	GlobalSection(SolutionProperties) = preSolution
		HideSolutionNode = FALSE
	EndGlobalSection
	GlobalSection(ExtensibilityGlobals) = postSolution
		SolutionGuid = {065E0186-A83E-4752-98D4-B9E9A7F6DD04}
	EndGlobalSection
EndGlobal
